
Microsoft Visual Studio Solution File, Format Version 12.00
# Visual Studio Version 17
VisualStudioVersion = 17.13.35828.75
MinimumVisualStudioVersion = 10.0.40219.1
Project("{FAE04EC0-301F-11D3-BF4B-00C04F79EFBC}") = "EmployeeRegistry", "EmployeeRegistry\EmployeeRegistry.csproj", "{06AAC4A3-FA62-108D-F2C5-147BFA584028}"
EndProject
Project("{FAE04EC0-301F-11D3-BF4B-00C04F79EFBC}") = "FlowControl", "FlowControl\FlowControl.csproj", "{D3A13FC1-8CCF-08D2-94FE-7A75F96410D7}"
EndProject
Project("{2150E333-8FDC-42A3-9474-1A3956D46DE8}") = "Solution Items", "Solution Items", "{02EA681E-C7D8-13C7-8484-4AC65E1B71E8}"
	ProjectSection(SolutionItems) = preProject
		.editorconfig = .editorconfig
	EndProjectSection
EndProject
Project("{FAE04EC0-301F-11D3-BF4B-00C04F79EFBC}") = "lex.Helpers", "lex.Helpers\lex.Helpers.csproj", "{CCC83B6F-776F-4D89-88C9-5458E146EF7C}"
EndProject
Global
	GlobalSection(SolutionConfigurationPlatforms) = preSolution
		Debug|Any CPU = Debug|Any CPU
		Release|Any CPU = Release|Any CPU
	EndGlobalSection
	GlobalSection(ProjectConfigurationPlatforms) = postSolution
		{06AAC4A3-FA62-108D-F2C5-147BFA584028}.Debug|Any CPU.ActiveCfg = Debug|Any CPU
		{06AAC4A3-FA62-108D-F2C5-147BFA584028}.Debug|Any CPU.Build.0 = Debug|Any CPU
		{06AAC4A3-FA62-108D-F2C5-147BFA584028}.Release|Any CPU.ActiveCfg = Release|Any CPU
		{06AAC4A3-FA62-108D-F2C5-147BFA584028}.Release|Any CPU.Build.0 = Release|Any CPU
		{D3A13FC1-8CCF-08D2-94FE-7A75F96410D7}.Debug|Any CPU.ActiveCfg = Debug|Any CPU
		{D3A13FC1-8CCF-08D2-94FE-7A75F96410D7}.Debug|Any CPU.Build.0 = Debug|Any CPU
		{D3A13FC1-8CCF-08D2-94FE-7A75F96410D7}.Release|Any CPU.ActiveCfg = Release|Any CPU
		{D3A13FC1-8CCF-08D2-94FE-7A75F96410D7}.Release|Any CPU.Build.0 = Release|Any CPU
		{CCC83B6F-776F-4D89-88C9-5458E146EF7C}.Debug|Any CPU.ActiveCfg = Debug|Any CPU
		{CCC83B6F-776F-4D89-88C9-5458E146EF7C}.Debug|Any CPU.Build.0 = Debug|Any CPU
		{CCC83B6F-776F-4D89-88C9-5458E146EF7C}.Release|Any CPU.ActiveCfg = Release|Any CPU
		{CCC83B6F-776F-4D89-88C9-5458E146EF7C}.Release|Any CPU.Build.0 = Release|Any CPU
	EndGlobalSection
	GlobalSection(SolutionProperties) = preSolution
		HideSolutionNode = FALSE
	EndGlobalSection
	GlobalSection(ExtensibilityGlobals) = postSolution
		SolutionGuid = {FCE47062-9040-4054-B6AA-B884C7EF3BCF}
	EndGlobalSection
EndGlobal
